
Microsoft Visual Studio Solution File, Format Version 12.00
# Visual Studio Version 17
VisualStudioVersion = 17.6.33815.320
MinimumVisualStudioVersion = 10.0.40219.1
Project("{FAE04EC0-301F-11D3-BF4B-00C04F79EFBC}") = "propertiesexfour", "propertiesexfour\propertiesexfour.csproj", "{B22E4384-7867-4927-BD7A-627994A3CE7B}"
EndProject
Global
	GlobalSection(SolutionConfigurationPlatforms) = preSolution
		Debug|Any CPU = Debug|Any CPU
		Release|Any CPU = Release|Any CPU
	EndGlobalSection
	GlobalSection(ProjectConfigurationPlatforms) = postSolution
		{B22E4384-7867-4927-BD7A-627994A3CE7B}.Debug|Any CPU.ActiveCfg = Debug|Any CPU
		{B22E4384-7867-4927-BD7A-627994A3CE7B}.Debug|Any CPU.Build.0 = Debug|Any CPU
		{B22E4384-7867-4927-BD7A-627994A3CE7B}.Release|Any CPU.ActiveCfg = Release|Any CPU
		{B22E4384-7867-4927-BD7A-627994A3CE7B}.Release|Any CPU.Build.0 = Release|Any CPU
	EndGlobalSection
	GlobalSection(SolutionProperties) = preSolution
		HideSolutionNode = FALSE
	EndGlobalSection
	GlobalSection(ExtensibilityGlobals) = postSolution
		SolutionGuid = {AEFF56B9-0977-42FE-81AD-8C3AFE97A16B}
	EndGlobalSection
EndGlobal
