
Microsoft Visual Studio Solution File, Format Version 12.00
# Visual Studio Version 17
VisualStudioVersion = 17.6.33815.320
MinimumVisualStudioVersion = 10.0.40219.1
Project("{FAE04EC0-301F-11D3-BF4B-00C04F79EFBC}") = "inheritance", "inheritance\inheritance.csproj", "{B9CCE4F1-BEBB-47EA-B656-EE73AB0DB0BF}"
EndProject
Global
	GlobalSection(SolutionConfigurationPlatforms) = preSolution
		Debug|Any CPU = Debug|Any CPU
		Release|Any CPU = Release|Any CPU
	EndGlobalSection
	GlobalSection(ProjectConfigurationPlatforms) = postSolution
		{B9CCE4F1-BEBB-47EA-B656-EE73AB0DB0BF}.Debug|Any CPU.ActiveCfg = Debug|Any CPU
		{B9CCE4F1-BEBB-47EA-B656-EE73AB0DB0BF}.Debug|Any CPU.Build.0 = Debug|Any CPU
		{B9CCE4F1-BEBB-47EA-B656-EE73AB0DB0BF}.Release|Any CPU.ActiveCfg = Release|Any CPU
		{B9CCE4F1-BEBB-47EA-B656-EE73AB0DB0BF}.Release|Any CPU.Build.0 = Release|Any CPU
	EndGlobalSection
	GlobalSection(SolutionProperties) = preSolution
		HideSolutionNode = FALSE
	EndGlobalSection
	GlobalSection(ExtensibilityGlobals) = postSolution
		SolutionGuid = {3C0688B5-F533-4FA1-A777-20A8FF35420E}
	EndGlobalSection
EndGlobal
